
Microsoft Visual Studio Solution File, Format Version 12.00
# Visual Studio 14
VisualStudioVersion = 14.0.24720.0
MinimumVisualStudioVersion = 10.0.40219.1
Project("{FAE04EC0-301F-11D3-BF4B-00C04F79EFBC}") = "ProjectEuler", "ProjectEuler\ProjectEuler.csproj", "{7B53F41C-6CF7-4BFB-AE3B-CD3C1D03523F}"
EndProject
Project("{FAE04EC0-301F-11D3-BF4B-00C04F79EFBC}") = "ProjectEulerTests", "ProjectEulerTests\ProjectEulerTests.csproj", "{1EB59B54-B2EF-4492-932E-FF9E00AE1C18}"
EndProject
Global
	GlobalSection(SolutionConfigurationPlatforms) = preSolution
		Debug|Any CPU = Debug|Any CPU
		Release|Any CPU = Release|Any CPU
	EndGlobalSection
	GlobalSection(ProjectConfigurationPlatforms) = postSolution
		{7B53F41C-6CF7-4BFB-AE3B-CD3C1D03523F}.Debug|Any CPU.ActiveCfg = Debug|Any CPU
		{7B53F41C-6CF7-4BFB-AE3B-CD3C1D03523F}.Debug|Any CPU.Build.0 = Debug|Any CPU
		{7B53F41C-6CF7-4BFB-AE3B-CD3C1D03523F}.Release|Any CPU.ActiveCfg = Release|Any CPU
		{7B53F41C-6CF7-4BFB-AE3B-CD3C1D03523F}.Release|Any CPU.Build.0 = Release|Any CPU
		{1EB59B54-B2EF-4492-932E-FF9E00AE1C18}.Debug|Any CPU.ActiveCfg = Debug|Any CPU
		{1EB59B54-B2EF-4492-932E-FF9E00AE1C18}.Debug|Any CPU.Build.0 = Debug|Any CPU
		{1EB59B54-B2EF-4492-932E-FF9E00AE1C18}.Release|Any CPU.ActiveCfg = Release|Any CPU
		{1EB59B54-B2EF-4492-932E-FF9E00AE1C18}.Release|Any CPU.Build.0 = Release|Any CPU
	EndGlobalSection
	GlobalSection(SolutionProperties) = preSolution
		HideSolutionNode = FALSE
	EndGlobalSection
EndGlobal
