
Microsoft Visual Studio Solution File, Format Version 12.00
# Visual Studio 15
VisualStudioVersion = 15.0.26014.0
MinimumVisualStudioVersion = 10.0.40219.1
Project("{9A19103F-16F7-4668-BE54-9A1E7A4F7556}") = "ProjectEuler.Tests", "ProjectEuler.Tests\ProjectEuler.Tests.csproj", "{20ED2E4A-27D6-4591-B770-BECC6EE6B0BE}"
EndProject
Project("{FAE04EC0-301F-11D3-BF4B-00C04F79EFBC}") = "ProjectEuler", "src\ProjectEuler\ProjectEuler.csproj", "{DD527EB0-0ABD-45E2-BF9B-67A1872B9DF9}"
EndProject
Global
	GlobalSection(SolutionConfigurationPlatforms) = preSolution
		Debug|Any CPU = Debug|Any CPU
		Debug|x64 = Debug|x64
		Debug|x86 = Debug|x86
		Release|Any CPU = Release|Any CPU
		Release|x64 = Release|x64
		Release|x86 = Release|x86
	EndGlobalSection
	GlobalSection(ProjectConfigurationPlatforms) = postSolution
		{20ED2E4A-27D6-4591-B770-BECC6EE6B0BE}.Debug|Any CPU.ActiveCfg = Debug|Any CPU
		{20ED2E4A-27D6-4591-B770-BECC6EE6B0BE}.Debug|Any CPU.Build.0 = Debug|Any CPU
		{20ED2E4A-27D6-4591-B770-BECC6EE6B0BE}.Debug|x64.ActiveCfg = Debug|x64
		{20ED2E4A-27D6-4591-B770-BECC6EE6B0BE}.Debug|x64.Build.0 = Debug|x64
		{20ED2E4A-27D6-4591-B770-BECC6EE6B0BE}.Debug|x86.ActiveCfg = Debug|x86
		{20ED2E4A-27D6-4591-B770-BECC6EE6B0BE}.Debug|x86.Build.0 = Debug|x86
		{20ED2E4A-27D6-4591-B770-BECC6EE6B0BE}.Release|Any CPU.ActiveCfg = Release|Any CPU
		{20ED2E4A-27D6-4591-B770-BECC6EE6B0BE}.Release|Any CPU.Build.0 = Release|Any CPU
		{20ED2E4A-27D6-4591-B770-BECC6EE6B0BE}.Release|x64.ActiveCfg = Release|x64
		{20ED2E4A-27D6-4591-B770-BECC6EE6B0BE}.Release|x64.Build.0 = Release|x64
		{20ED2E4A-27D6-4591-B770-BECC6EE6B0BE}.Release|x86.ActiveCfg = Release|x86
		{20ED2E4A-27D6-4591-B770-BECC6EE6B0BE}.Release|x86.Build.0 = Release|x86
		{C16ED525-7289-4F9C-966C-D8A2D0BF7DA7}.Debug|Any CPU.ActiveCfg = Debug|Any CPU
		{C16ED525-7289-4F9C-966C-D8A2D0BF7DA7}.Debug|Any CPU.Build.0 = Debug|Any CPU
		{C16ED525-7289-4F9C-966C-D8A2D0BF7DA7}.Debug|x64.ActiveCfg = Debug|x64
		{C16ED525-7289-4F9C-966C-D8A2D0BF7DA7}.Debug|x64.Build.0 = Debug|x64
		{C16ED525-7289-4F9C-966C-D8A2D0BF7DA7}.Debug|x86.ActiveCfg = Debug|x86
		{C16ED525-7289-4F9C-966C-D8A2D0BF7DA7}.Debug|x86.Build.0 = Debug|x86
		{C16ED525-7289-4F9C-966C-D8A2D0BF7DA7}.Release|Any CPU.ActiveCfg = Release|Any CPU
		{C16ED525-7289-4F9C-966C-D8A2D0BF7DA7}.Release|Any CPU.Build.0 = Release|Any CPU
		{C16ED525-7289-4F9C-966C-D8A2D0BF7DA7}.Release|x64.ActiveCfg = Release|x64
		{C16ED525-7289-4F9C-966C-D8A2D0BF7DA7}.Release|x64.Build.0 = Release|x64
		{C16ED525-7289-4F9C-966C-D8A2D0BF7DA7}.Release|x86.ActiveCfg = Release|x86
		{C16ED525-7289-4F9C-966C-D8A2D0BF7DA7}.Release|x86.Build.0 = Release|x86
		{DD527EB0-0ABD-45E2-BF9B-67A1872B9DF9}.Debug|Any CPU.ActiveCfg = Debug|Any CPU
		{DD527EB0-0ABD-45E2-BF9B-67A1872B9DF9}.Debug|Any CPU.Build.0 = Debug|Any CPU
		{DD527EB0-0ABD-45E2-BF9B-67A1872B9DF9}.Debug|x64.ActiveCfg = Debug|x64
		{DD527EB0-0ABD-45E2-BF9B-67A1872B9DF9}.Debug|x64.Build.0 = Debug|x64
		{DD527EB0-0ABD-45E2-BF9B-67A1872B9DF9}.Debug|x86.ActiveCfg = Debug|x86
		{DD527EB0-0ABD-45E2-BF9B-67A1872B9DF9}.Debug|x86.Build.0 = Debug|x86
		{DD527EB0-0ABD-45E2-BF9B-67A1872B9DF9}.Release|Any CPU.ActiveCfg = Release|Any CPU
		{DD527EB0-0ABD-45E2-BF9B-67A1872B9DF9}.Release|Any CPU.Build.0 = Release|Any CPU
		{DD527EB0-0ABD-45E2-BF9B-67A1872B9DF9}.Release|x64.ActiveCfg = Release|x64
		{DD527EB0-0ABD-45E2-BF9B-67A1872B9DF9}.Release|x64.Build.0 = Release|x64
		{DD527EB0-0ABD-45E2-BF9B-67A1872B9DF9}.Release|x86.ActiveCfg = Release|x86
		{DD527EB0-0ABD-45E2-BF9B-67A1872B9DF9}.Release|x86.Build.0 = Release|x86
	EndGlobalSection
	GlobalSection(SolutionProperties) = preSolution
		HideSolutionNode = FALSE
	EndGlobalSection
EndGlobal
